%{
  "cc_precompiler": {:hex, :cc_precompiler, "0.1.11", "8c844d0b9fb98a3edea067f94f616b3f6b29b959b6b3bf25fee94ffe34364768", [:mix], [{:elixir_make, "~> 0.7", [hex: :elixir_make, repo: "hexpm", optional: false]}], "hexpm", "3427232caf0835f94680e5bcf082408a70b48ad68a5f5c0b02a3bea9f3a075b9"},
  "db_connection": {:hex, :db_connection, "2.9.0", "a6a97c5c958a2d7091a58a9be40caf41ab496b0701d21e1d1abff3fa27a7f371", [:mix], [{:telemetry, "~> 0.4 or ~> 1.0", [hex: :telemetry, repo: "hexpm", optional: false]}], "hexpm", "17d502eacaf61829db98facf6f20808ed33da6ccf495354a41e64fe42f9c509c"},
  "elixir_make": {:hex, :elixir_make, "0.9.0", "6484b3cd8c0cee58f09f05ecaf1a140a8c97670671a6a0e7ab4dc326c3109726", [:mix], [], "hexpm", "db23d4fd8b757462ad02f8aa73431a426fe6671c80b200d9710caf3d1dd0ffdb"},
  "exqlite": {:hex, :exqlite, "0.36.0", "07b4f95d61cb82b8d52946d0639497fa7d32117e09b2c8d25e24a38723c295cb", [:make, :mix], [{:cc_precompiler, "~> 0.1", [hex: :cc_precompiler, repo: "hexpm", optional: false]}, {:db_connection, "~> 2.1", [hex: :db_connection, repo: "hexpm", optional: false]}, {:elixir_make, "~> 0.8", [hex: :elixir_make, repo: "hexpm", optional: false]}, {:table, "~> 0.1.0", [hex: :table, repo: "hexpm", optional: true]}], "hexpm", "cbeca3ce781f9ff07cfa9a87486f3ebd512a143ad6a14ed5c9fca21fe0bf3ae7"},
  "fine": {:hex, :fine, "0.1.6", "4bf7151493443c454aac9f2fa2f34f5fefd0346a83fb5586a016c4a135c63247", [:mix], [], "hexpm", "5638eb4495488e885ebec167fa57973e5c35e1a50c344eb7666c90ec1c4e3b12"},
  "libgraph": {:hex, :libgraph, "0.16.0", "3936f3eca6ef826e08880230f806bfea13193e49bf153f93edcf0239d4fd1d07", [:mix], [], "hexpm", "41ca92240e8a4138c30a7e06466acc709b0cbb795c643e9e17174a178982d6bf"},
  "propcheck": {:hex, :propcheck, "1.5.0", "df6f554a97eba4f92c3e4bc7758c8480e8bc401188af32cfe09641e81d8a55ba", [:mix], [{:libgraph, "~> 0.13", [hex: :libgraph, repo: "hexpm", optional: false]}, {:proper, "~> 1.5", [hex: :proper, repo: "hexpm", optional: false]}], "hexpm", "3388aa7909277faed166dfced39fad6ecae3c3be064352d37646be459fc80e09"},
  "proper": {:hex, :proper, "1.5.0", "4a87ce8b219858e64c9aa015f4f7ed739d0ac3ca6bfd77fa62794617ee784225", [:rebar3], [], "hexpm", "fbf7cf0625e5441a314514f7d8e1eaff52090fcd94ff34b5171ff293d3f9969a"},
  "telemetry": {:hex, :telemetry, "1.4.1", "ab6de178e2b29b58e8256b92b382ea3f590a47152ca3651ea857a6cae05ac423", [:rebar3], [], "hexpm", "2172e05a27531d3d31dd9782841065c50dd5c3c7699d95266b2edd54c2dafa1c"},
}
